// !$*UTF8*$!
{
	archiveVersion = 1;
	classes = {
	};
	objectVersion = 46;
	objects = {

/* Begin PBXBuildFile section */
		BE0C07E219CB165800B15915 /* Foundation.framework in Frameworks */ = {isa = PBXBuildFile; fileRef = BE0C07E119CB165800B15915 /* Foundation.framework */; };
		BE0C07E419CB165800B15915 /* CoreGraphics.framework in Frameworks */ = {isa = PBXBuildFile; fileRef = BE0C07E319CB165800B15915 /* CoreGraphics.framework */; };
		BE0C07E619CB165800B15915 /* UIKit.framework in Frameworks */ = {isa = PBXBuildFile; fileRef = BE0C07E519CB165800B15915 /* UIKit.framework */; };
		BE0C07EC19CB165800B15915 /* InfoPlist.strings in Resources */ = {isa = PBXBuildFile; fileRef = BE0C07EA19CB165800B15915 /* InfoPlist.strings */; };
		BE0C07EE19CB165800B15915 /* main.m in Sources */ = {isa = PBXBuildFile; fileRef = BE0C07ED19CB165800B15915 /* main.m */; };
		BE0C07F219CB165800B15915 /* CtrlXAppDelegate.m in Sources */ = {isa = PBXBuildFile; fileRef = BE0C07F119CB165800B15915 /* CtrlXAppDelegate.m */; };
		BE0C07F519CB165800B15915 /* Main_iPhone.storyboard in Resources */ = {isa = PBXBuildFile; fileRef = BE0C07F319CB165800B15915 /* Main_iPhone.storyboard */; };
		BE0C07F819CB165800B15915 /* Main_iPad.storyboard in Resources */ = {isa = PBXBuildFile; fileRef = BE0C07F619CB165800B15915 /* Main_iPad.storyboard */; };
		BE0C07FD19CB165800B15915 /* Images.xcassets in Resources */ = {isa = PBXBuildFile; fileRef = BE0C07FC19CB165800B15915 /* Images.xcassets */; };
		BE0C080419CB165800B15915 /* XCTest.framework in Frameworks */ = {isa = PBXBuildFile; fileRef = BE0C080319CB165800B15915 /* XCTest.framework */; };
		BE0C080519CB165800B15915 /* Foundation.framework in Frameworks */ = {isa = PBXBuildFile; fileRef = BE0C07E119CB165800B15915 /* Foundation.framework */; };
		BE0C080619CB165800B15915 /* UIKit.framework in Frameworks */ = {isa = PBXBuildFile; fileRef = BE0C07E519CB165800B15915 /* UIKit.framework */; };
		BE0C080E19CB165800B15915 /* InfoPlist.strings in Resources */ = {isa = PBXBuildFile; fileRef = BE0C080C19CB165800B15915 /* InfoPlist.strings */; };
		BE0C081019CB165800B15915 /* learnSignalTests.m in Sources */ = {isa = PBXBuildFile; fileRef = BE0C080F19CB165800B15915 /* learnSignalTests.m */; };
		BE0C081B19CB1EC900B15915 /* NetworkConnectViewController.m in Sources */ = {isa = PBXBuildFile; fileRef = BE0C081A19CB1EC900B15915 /* NetworkConnectViewController.m */; };
		BE0C081E19CB1EDD00B15915 /* LearnSignalViewController.m in Sources */ = {isa = PBXBuildFile; fileRef = BE0C081D19CB1EDD00B15915 /* LearnSignalViewController.m */; };
/* End PBXBuildFile section */

/* Begin PBXContainerItemProxy section */
		BE0C080719CB165800B15915 /* PBXContainerItemProxy */ = {
			isa = PBXContainerItemProxy;
			containerPortal = BE0C07D619CB165800B15915 /* Project object */;
			proxyType = 1;
			remoteGlobalIDString = BE0C07DD19CB165800B15915;
			remoteInfo = learnSignal;
		};
/* End PBXContainerItemProxy section */

/* Begin PBXFileReference section */
		BE0C07DE19CB165800B15915 /* learnSignal.app */ = {isa = PBXFileReference; explicitFileType = wrapper.application; includeInIndex = 0; path = learnSignal.app; sourceTree = BUILT_PRODUCTS_DIR; };
		BE0C07E119CB165800B15915 /* Foundation.framework */ = {isa = PBXFileReference; lastKnownFileType = wrapper.framework; name = Foundation.framework; path = System/Library/Frameworks/Foundation.framework; sourceTree = SDKROOT; };
		BE0C07E319CB165800B15915 /* CoreGraphics.framework */ = {isa = PBXFileReference; lastKnownFileType = wrapper.framework; name = CoreGraphics.framework; path = System/Library/Frameworks/CoreGraphics.framework; sourceTree = SDKROOT; };
		BE0C07E519CB165800B15915 /* UIKit.framework */ = {isa = PBXFileReference; lastKnownFileType = wrapper.framework; name = UIKit.framework; path = System/Library/Frameworks/UIKit.framework; sourceTree = SDKROOT; };
		BE0C07E919CB165800B15915 /* learnSignal-Info.plist */ = {isa = PBXFileReference; lastKnownFileType = text.plist.xml; path = "learnSignal-Info.plist"; sourceTree = "<group>"; };
		BE0C07EB19CB165800B15915 /* en */ = {isa = PBXFileReference; lastKnownFileType = text.plist.strings; name = en; path = en.lproj/InfoPlist.strings; sourceTree = "<group>"; };
		BE0C07ED19CB165800B15915 /* main.m */ = {isa = PBXFileReference; lastKnownFileType = sourcecode.c.objc; path = main.m; sourceTree = "<group>"; };
		BE0C07EF19CB165800B15915 /* learnSignal-Prefix.pch */ = {isa = PBXFileReference; lastKnownFileType = sourcecode.c.h; path = "learnSignal-Prefix.pch"; sourceTree = "<group>"; };
		BE0C07F019CB165800B15915 /* CtrlXAppDelegate.h */ = {isa = PBXFileReference; lastKnownFileType = sourcecode.c.h; path = CtrlXAppDelegate.h; sourceTree = "<group>"; };
		BE0C07F119CB165800B15915 /* CtrlXAppDelegate.m */ = {isa = PBXFileReference; lastKnownFileType = sourcecode.c.objc; path = CtrlXAppDelegate.m; sourceTree = "<group>"; };
		BE0C07F419CB165800B15915 /* Base */ = {isa = PBXFileReference; lastKnownFileType = file.storyboard; name = Base; path = Base.lproj/Main_iPhone.storyboard; sourceTree = "<group>"; };
		BE0C07F719CB165800B15915 /* Base */ = {isa = PBXFileReference; lastKnownFileType = file.storyboard; name = Base; path = Base.lproj/Main_iPad.storyboard; sourceTree = "<group>"; };
		BE0C07FC19CB165800B15915 /* Images.xcassets */ = {isa = PBXFileReference; lastKnownFileType = folder.assetcatalog; path = Images.xcassets; sourceTree = "<group>"; };
		BE0C080219CB165800B15915 /* learnSignalTests.xctest */ = {isa = PBXFileReference; explicitFileType = wrapper.cfbundle; includeInIndex = 0; path = learnSignalTests.xctest; sourceTree = BUILT_PRODUCTS_DIR; };
		BE0C080319CB165800B15915 /* XCTest.framework */ = {isa = PBXFileReference; lastKnownFileType = wrapper.framework; name = XCTest.framework; path = Library/Frameworks/XCTest.framework; sourceTree = DEVELOPER_DIR; };
		BE0C080B19CB165800B15915 /* learnSignalTests-Info.plist */ = {isa = PBXFileReference; lastKnownFileType = text.plist.xml; path = "learnSignalTests-Info.plist"; sourceTree = "<group>"; };
		BE0C080D19CB165800B15915 /* en */ = {isa = PBXFileReference; lastKnownFileType = text.plist.strings; name = en; path = en.lproj/InfoPlist.strings; sourceTree = "<group>"; };
		BE0C080F19CB165800B15915 /* learnSignalTests.m */ = {isa = PBXFileReference; lastKnownFileType = sourcecode.c.objc; path = learnSignalTests.m; sourceTree = "<group>"; };
		BE0C081919CB1EC900B15915 /* NetworkConnectViewController.h */ = {isa = PBXFileReference; fileEncoding = 4; lastKnownFileType = sourcecode.c.h; path = NetworkConnectViewController.h; sourceTree = "<group>"; };
		BE0C081A19CB1EC900B15915 /* NetworkConnectViewController.m */ = {isa = PBXFileReference; fileEncoding = 4; lastKnownFileType = sourcecode.c.objc; path = NetworkConnectViewController.m; sourceTree = "<group>"; };
		BE0C081C19CB1EDD00B15915 /* LearnSignalViewController.h */ = {isa = PBXFileReference; fileEncoding = 4; lastKnownFileType = sourcecode.c.h; path = LearnSignalViewController.h; sourceTree = "<group>"; };
		BE0C081D19CB1EDD00B15915 /* LearnSignalViewController.m */ = {isa = PBXFileReference; fileEncoding = 4; lastKnownFileType = sourcecode.c.objc; path = LearnSignalViewController.m; sourceTree = "<group>"; };
		BE39CA4F19CBA35900B6C95F /* buttonRef.h */ = {isa = PBXFileReference; fileEncoding = 4; lastKnownFileType = sourcecode.c.h; path = buttonRef.h; sourceTree = "<group>"; };
/* End PBXFileReference section */

/* Begin PBXFrameworksBuildPhase section */
		BE0C07DB19CB165800B15915 /* Frameworks */ = {
			isa = PBXFrameworksBuildPhase;
			buildActionMask = 2147483647;
			files = (
				BE0C07E419CB165800B15915 /* CoreGraphics.framework in Frameworks */,
				BE0C07E619CB165800B15915 /* UIKit.framework in Frameworks */,
				BE0C07E219CB165800B15915 /* Foundation.framework in Frameworks */,
			);
			runOnlyForDeploymentPostprocessing = 0;
		};
		BE0C07FF19CB165800B15915 /* Frameworks */ = {
			isa = PBXFrameworksBuildPhase;
			buildActionMask = 2147483647;
			files = (
				BE0C080419CB165800B15915 /* XCTest.framework in Frameworks */,
				BE0C080619CB165800B15915 /* UIKit.framework in Frameworks */,
				BE0C080519CB165800B15915 /* Foundation.framework in Frameworks */,
			);
			runOnlyForDeploymentPostprocessing = 0;
		};
/* End PBXFrameworksBuildPhase section */

/* Begin PBXGroup section */
		BE0C07D519CB165800B15915 = {
			isa = PBXGroup;
			children = (
				BE0C07E719CB165800B15915 /* learnSignal */,
				BE0C080919CB165800B15915 /* learnSignalTests */,
				BE0C07E019CB165800B15915 /* Frameworks */,
				BE0C07DF19CB165800B15915 /* Products */,
			);
			sourceTree = "<group>";
		};
		BE0C07DF19CB165800B15915 /* Products */ = {
			isa = PBXGroup;
			children = (
				BE0C07DE19CB165800B15915 /* learnSignal.app */,
				BE0C080219CB165800B15915 /* learnSignalTests.xctest */,
			);
			name = Products;
			sourceTree = "<group>";
		};
		BE0C07E019CB165800B15915 /* Frameworks */ = {
			isa = PBXGroup;
			children = (
				BE0C07E119CB165800B15915 /* Foundation.framework */,
				BE0C07E319CB165800B15915 /* CoreGraphics.framework */,
				BE0C07E519CB165800B15915 /* UIKit.framework */,
				BE0C080319CB165800B15915 /* XCTest.framework */,
			);
			name = Frameworks;
			sourceTree = "<group>";
		};
		BE0C07E719CB165800B15915 /* learnSignal */ = {
			isa = PBXGroup;
			children = (
				BE0C07F019CB165800B15915 /* CtrlXAppDelegate.h */,
				BE0C07F119CB165800B15915 /* CtrlXAppDelegate.m */,
				BE0C081919CB1EC900B15915 /* NetworkConnectViewController.h */,
				BE0C081A19CB1EC900B15915 /* NetworkConnectViewController.m */,
				BE0C081C19CB1EDD00B15915 /* LearnSignalViewController.h */,
				BE0C081D19CB1EDD00B15915 /* LearnSignalViewController.m */,
				BE0C07F319CB165800B15915 /* Main_iPhone.storyboard */,
				BE0C07F619CB165800B15915 /* Main_iPad.storyboard */,
				BE0C07FC19CB165800B15915 /* Images.xcassets */,
				BE0C07E819CB165800B15915 /* Supporting Files */,
			);
			path = learnSignal;
			sourceTree = "<group>";
		};
		BE0C07E819CB165800B15915 /* Supporting Files */ = {
			isa = PBXGroup;
			children = (
				BE39CA4F19CBA35900B6C95F /* buttonRef.h */,
				BE0C07E919CB165800B15915 /* learnSignal-Info.plist */,
				BE0C07EA19CB165800B15915 /* InfoPlist.strings */,
				BE0C07ED19CB165800B15915 /* main.m */,
				BE0C07EF19CB165800B15915 /* learnSignal-Prefix.pch */,
			);
			name = "Supporting Files";
			sourceTree = "<group>";
		};
		BE0C080919CB165800B15915 /* learnSignalTests */ = {
			isa = PBXGroup;
			children = (
				BE0C080F19CB165800B15915 /* learnSignalTests.m */,
				BE0C080A19CB165800B15915 /* Supporting Files */,
			);
			path = learnSignalTests;
			sourceTree = "<group>";
		};
		BE0C080A19CB165800B15915 /* Supporting Files */ = {
			isa = PBXGroup;
			children = (
				BE0C080B19CB165800B15915 /* learnSignalTests-Info.plist */,
				BE0C080C19CB165800B15915 /* InfoPlist.strings */,
			);
			name = "Supporting Files";
			sourceTree = "<group>";
		};
/* End PBXGroup section */

/* Begin PBXNativeTarget section */
		BE0C07DD19CB165800B15915 /* learnSignal */ = {
			isa = PBXNativeTarget;
			buildConfigurationList = BE0C081319CB165800B15915 /* Build configuration list for PBXNativeTarget "learnSignal" */;
			buildPhases = (
				BE0C07DA19CB165800B15915 /* Sources */,
				BE0C07DB19CB165800B15915 /* Frameworks */,
				BE0C07DC19CB165800B15915 /* Resources */,
			);
			buildRules = (
			);
			dependencies = (
			);
			name = learnSignal;
			productName = learnSignal;
			productReference = BE0C07DE19CB165800B15915 /* learnSignal.app */;
			productType = "com.apple.product-type.application";
		};
		BE0C080119CB165800B15915 /* learnSignalTests */ = {
			isa = PBXNativeTarget;
			buildConfigurationList = BE0C081619CB165800B15915 /* Build configuration list for PBXNativeTarget "learnSignalTests" */;
			buildPhases = (
				BE0C07FE19CB165800B15915 /* Sources */,
				BE0C07FF19CB165800B15915 /* Frameworks */,
				BE0C080019CB165800B15915 /* Resources */,
			);
			buildRules = (
			);
			dependencies = (
				BE0C080819CB165800B15915 /* PBXTargetDependency */,
			);
			name = learnSignalTests;
			productName = learnSignalTests;
			productReference = BE0C080219CB165800B15915 /* learnSignalTests.xctest */;
			productType = "com.apple.product-type.bundle.unit-test";
		};
/* End PBXNativeTarget section */

/* Begin PBXProject section */
		BE0C07D619CB165800B15915 /* Project object */ = {
			isa = PBXProject;
			attributes = {
				CLASSPREFIX = CtrlX;
				LastUpgradeCheck = 0510;
				ORGANIZATIONNAME = body7;
				TargetAttributes = {
					BE0C080119CB165800B15915 = {
						TestTargetID = BE0C07DD19CB165800B15915;
					};
				};
			};
			buildConfigurationList = BE0C07D919CB165800B15915 /* Build configuration list for PBXProject "learnSignal" */;
			compatibilityVersion = "Xcode 3.2";
			developmentRegion = English;
			hasScannedForEncodings = 0;
			knownRegions = (
				en,
				Base,
			);
			mainGroup = BE0C07D519CB165800B15915;
			productRefGroup = BE0C07DF19CB165800B15915 /* Products */;
			projectDirPath = "";
			projectRoot = "";
			targets = (
				BE0C07DD19CB165800B15915 /* learnSignal */,
				BE0C080119CB165800B15915 /* learnSignalTests */,
			);
		};
/* End PBXProject section */

/* Begin PBXResourcesBuildPhase section */
		BE0C07DC19CB165800B15915 /* Resources */ = {
			isa = PBXResourcesBuildPhase;
			buildActionMask = 2147483647;
			files = (
				BE0C07F819CB165800B15915 /* Main_iPad.storyboard in Resources */,
				BE0C07FD19CB165800B15915 /* Images.xcassets in Resources */,
				BE0C07F519CB165800B15915 /* Main_iPhone.storyboard in Resources */,
				BE0C07EC19CB165800B15915 /* InfoPlist.strings in Resources */,
			);
			runOnlyForDeploymentPostprocessing = 0;
		};
		BE0C080019CB165800B15915 /* Resources */ = {
			isa = PBXResourcesBuildPhase;
			buildActionMask = 2147483647;
			files = (
				BE0C080E19CB165800B15915 /* InfoPlist.strings in Resources */,
			);
			runOnlyForDeploymentPostprocessing = 0;
		};
/* End PBXResourcesBuildPhase section */

/* Begin PBXSourcesBuildPhase section */
		BE0C07DA19CB165800B15915 /* Sources */ = {
			isa = PBXSourcesBuildPhase;
			buildActionMask = 2147483647;
			files = (
				BE0C07F219CB165800B15915 /* CtrlXAppDelegate.m in Sources */,
				BE0C081E19CB1EDD00B15915 /* LearnSignalViewController.m in Sources */,
				BE0C081B19CB1EC900B15915 /* NetworkConnectViewController.m in Sources */,
				BE0C07EE19CB165800B15915 /* main.m in Sources */,
			);
			runOnlyForDeploymentPostprocessing = 0;
		};
		BE0C07FE19CB165800B15915 /* Sources */ = {
			isa = PBXSourcesBuildPhase;
			buildActionMask = 2147483647;
			files = (
				BE0C081019CB165800B15915 /* learnSignalTests.m in Sources */,
			);
			runOnlyForDeploymentPostprocessing = 0;
		};
/* End PBXSourcesBuildPhase section */

/* Begin PBXTargetDependency section */
		BE0C080819CB165800B15915 /* PBXTargetDependency */ = {
			isa = PBXTargetDependency;
			target = BE0C07DD19CB165800B15915 /* learnSignal */;
			targetProxy = BE0C080719CB165800B15915 /* PBXContainerItemProxy */;
		};
/* End PBXTargetDependency section */

/* Begin PBXVariantGroup section */
		BE0C07EA19CB165800B15915 /* InfoPlist.strings */ = {
			isa = PBXVariantGroup;
			children = (
				BE0C07EB19CB165800B15915 /* en */,
			);
			name = InfoPlist.strings;
			sourceTree = "<group>";
		};
		BE0C07F319CB165800B15915 /* Main_iPhone.storyboard */ = {
			isa = PBXVariantGroup;
			children = (
				BE0C07F419CB165800B15915 /* Base */,
			);
			name = Main_iPhone.storyboard;
			sourceTree = "<group>";
		};
		BE0C07F619CB165800B15915 /* Main_iPad.storyboard */ = {
			isa = PBXVariantGroup;
			children = (
				BE0C07F719CB165800B15915 /* Base */,
			);
			name = Main_iPad.storyboard;
			sourceTree = "<group>";
		};
		BE0C080C19CB165800B15915 /* InfoPlist.strings */ = {
			isa = PBXVariantGroup;
			children = (
				BE0C080D19CB165800B15915 /* en */,
			);
			name = InfoPlist.strings;
			sourceTree = "<group>";
		};
/* End PBXVariantGroup section */

/* Begin XCBuildConfiguration section */
		BE0C081119CB165800B15915 /* Debug */ = {
			isa = XCBuildConfiguration;
			buildSettings = {
				ALWAYS_SEARCH_USER_PATHS = NO;
				CLANG_CXX_LANGUAGE_STANDARD = "gnu++0x";
				CLANG_CXX_LIBRARY = "libc++";
				CLANG_ENABLE_MODULES = YES;
				CLANG_ENABLE_OBJC_ARC = YES;
				CLANG_WARN_BOOL_CONVERSION = YES;
				CLANG_WARN_CONSTANT_CONVERSION = YES;
				CLANG_WARN_DIRECT_OBJC_ISA_USAGE = YES_ERROR;
				CLANG_WARN_EMPTY_BODY = YES;
				CLANG_WARN_ENUM_CONVERSION = YES;
				CLANG_WARN_INT_CONVERSION = YES;
				CLANG_WARN_OBJC_ROOT_CLASS = YES_ERROR;
				CLANG_WARN__DUPLICATE_METHOD_MATCH = YES;
				"CODE_SIGN_IDENTITY[sdk=iphoneos*]" = "iPhone Developer";
				COPY_PHASE_STRIP = NO;
				GCC_C_LANGUAGE_STANDARD = gnu99;
				GCC_DYNAMIC_NO_PIC = NO;
				GCC_OPTIMIZATION_LEVEL = 0;
				GCC_PREPROCESSOR_DEFINITIONS = (
					"DEBUG=1",
					"$(inherited)",
				);
				GCC_SYMBOLS_PRIVATE_EXTERN = NO;
				GCC_WARN_64_TO_32_BIT_CONVERSION = YES;
				GCC_WARN_ABOUT_RETURN_TYPE = YES_ERROR;
				GCC_WARN_UNDECLARED_SELECTOR = YES;
				GCC_WARN_UNINITIALIZED_AUTOS = YES_AGGRESSIVE;
				GCC_WARN_UNUSED_FUNCTION = YES;
				GCC_WARN_UNUSED_VARIABLE = YES;
				IPHONEOS_DEPLOYMENT_TARGET = 7.1;
				ONLY_ACTIVE_ARCH = YES;
				SDKROOT = iphoneos;
				TARGETED_DEVICE_FAMILY = "1,2";
			};
			name = Debug;
		};
		BE0C081219CB165800B15915 /* Release */ = {
			isa = XCBuildConfiguration;
			buildSettings = {
				ALWAYS_SEARCH_USER_PATHS = NO;
				CLANG_CXX_LANGUAGE_STANDARD = "gnu++0x";
				CLANG_CXX_LIBRARY = "libc++";
				CLANG_ENABLE_MODULES = YES;
				CLANG_ENABLE_OBJC_ARC = YES;
				CLANG_WARN_BOOL_CONVERSION = YES;
				CLANG_WARN_CONSTANT_CONVERSION = YES;
				CLANG_WARN_DIRECT_OBJC_ISA_USAGE = YES_ERROR;
				CLANG_WARN_EMPTY_BODY = YES;
				CLANG_WARN_ENUM_CONVERSION = YES;
				CLANG_WARN_INT_CONVERSION = YES;
				CLANG_WARN_OBJC_ROOT_CLASS = YES_ERROR;
				CLANG_WARN__DUPLICATE_METHOD_MATCH = YES;
				"CODE_SIGN_IDENTITY[sdk=iphoneos*]" = "iPhone Developer";
				COPY_PHASE_STRIP = YES;
				ENABLE_NS_ASSERTIONS = NO;
				GCC_C_LANGUAGE_STANDARD = gnu99;
				GCC_WARN_64_TO_32_BIT_CONVERSION = YES;
				GCC_WARN_ABOUT_RETURN_TYPE = YES_ERROR;
				GCC_WARN_UNDECLARED_SELECTOR = YES;
				GCC_WARN_UNINITIALIZED_AUTOS = YES_AGGRESSIVE;
				GCC_WARN_UNUSED_FUNCTION = YES;
				GCC_WARN_UNUSED_VARIABLE = YES;
				IPHONEOS_DEPLOYMENT_TARGET = 7.1;
				SDKROOT = iphoneos;
				TARGETED_DEVICE_FAMILY = "1,2";
				VALIDATE_PRODUCT = YES;
			};
			name = Release;
		};
		BE0C081419CB165800B15915 /* Debug */ = {
			isa = XCBuildConfiguration;
			buildSettings = {
				ASSETCATALOG_COMPILER_APPICON_NAME = AppIcon;
				ASSETCATALOG_COMPILER_LAUNCHIMAGE_NAME = LaunchImage;
				GCC_PRECOMPILE_PREFIX_HEADER = YES;
				GCC_PREFIX_HEADER = "learnSignal/learnSignal-Prefix.pch";
				INFOPLIST_FILE = "learnSignal/learnSignal-Info.plist";
				PRODUCT_NAME = "$(TARGET_NAME)";
				TARGETED_DEVICE_FAMILY = 1;
				WRAPPER_EXTENSION = app;
			};
			name = Debug;
		};
		BE0C081519CB165800B15915 /* Release */ = {
			isa = XCBuildConfiguration;
			buildSettings = {
				ASSETCATALOG_COMPILER_APPICON_NAME = AppIcon;
				ASSETCATALOG_COMPILER_LAUNCHIMAGE_NAME = LaunchImage;
				GCC_PRECOMPILE_PREFIX_HEADER = YES;
				GCC_PREFIX_HEADER = "learnSignal/learnSignal-Prefix.pch";
				INFOPLIST_FILE = "learnSignal/learnSignal-Info.plist";
				PRODUCT_NAME = "$(TARGET_NAME)";
				TARGETED_DEVICE_FAMILY = 1;
				WRAPPER_EXTENSION = app;
			};
			name = Release;
		};
		BE0C081719CB165800B15915 /* Debug */ = {
			isa = XCBuildConfiguration;
			buildSettings = {
				BUNDLE_LOADER = "$(BUILT_PRODUCTS_DIR)/learnSignal.app/learnSignal";
				FRAMEWORK_SEARCH_PATHS = (
					"$(SDKROOT)/Developer/Library/Frameworks",
					"$(inherited)",
					"$(DEVELOPER_FRAMEWORKS_DIR)",
				);
				GCC_PRECOMPILE_PREFIX_HEADER = YES;
				GCC_PREFIX_HEADER = "learnSignal/learnSignal-Prefix.pch";
				GCC_PREPROCESSOR_DEFINITIONS = (
					"DEBUG=1",
					"$(inherited)",
				);
				INFOPLIST_FILE = "learnSignalTests/learnSignalTests-Info.plist";
				PRODUCT_NAME = "$(TARGET_NAME)";
				TEST_HOST = "$(BUNDLE_LOADER)";
				WRAPPER_EXTENSION = xctest;
			};
			name = Debug;
		};
		BE0C081819CB165800B15915 /* Release */ = {
			isa = XCBuildConfiguration;
			buildSettings = {
				BUNDLE_LOADER = "$(BUILT_PRODUCTS_DIR)/learnSignal.app/learnSignal";
				FRAMEWORK_SEARCH_PATHS = (
					"$(SDKROOT)/Developer/Library/Frameworks",
					"$(inherited)",
					"$(DEVELOPER_FRAMEWORKS_DIR)",
				);
				GCC_PRECOMPILE_PREFIX_HEADER = YES;
				GCC_PREFIX_HEADER = "learnSignal/learnSignal-Prefix.pch";
				INFOPLIST_FILE = "learnSignalTests/learnSignalTests-Info.plist";
				PRODUCT_NAME = "$(TARGET_NAME)";
				TEST_HOST = "$(BUNDLE_LOADER)";
				WRAPPER_EXTENSION = xctest;
			};
			name = Release;
		};
/* End XCBuildConfiguration section */

/* Begin XCConfigurationList section */
		BE0C07D919CB165800B15915 /* Build configuration list for PBXProject "learnSignal" */ = {
			isa = XCConfigurationList;
			buildConfigurations = (
				BE0C081119CB165800B15915 /* Debug */,
				BE0C081219CB165800B15915 /* Release */,
			);
			defaultConfigurationIsVisible = 0;
			defaultConfigurationName = Release;
		};
		BE0C081319CB165800B15915 /* Build configuration list for PBXNativeTarget "learnSignal" */ = {
			isa = XCConfigurationList;
			buildConfigurations = (
				BE0C081419CB165800B15915 /* Debug */,
				BE0C081519CB165800B15915 /* Release */,
			);
			defaultConfigurationIsVisible = 0;
			defaultConfigurationName = Release;
		};
		BE0C081619CB165800B15915 /* Build configuration list for PBXNativeTarget "learnSignalTests" */ = {
			isa = XCConfigurationList;
			buildConfigurations = (
				BE0C081719CB165800B15915 /* Debug */,
				BE0C081819CB165800B15915 /* Release */,
			);
			defaultConfigurationIsVisible = 0;
			defaultConfigurationName = Release;
		};
/* End XCConfigurationList section */
	};
	rootObject = BE0C07D619CB165800B15915 /* Project object */;
}
